
Microsoft Visual Studio Solution File, Format Version 12.00
# Visual Studio Version 17
VisualStudioVersion = 17.8.34330.188
MinimumVisualStudioVersion = 10.0.40219.1
Project("{FAE04EC0-301F-11D3-BF4B-00C04F79EFBC}") = "typecasting", "typecasting.csproj", "{B8A31C25-3CB5-4E40-96B1-87A13456BE64}"
EndProject
Global
	GlobalSection(SolutionConfigurationPlatforms) = preSolution
		Debug|Any CPU = Debug|Any CPU
		Release|Any CPU = Release|Any CPU
	EndGlobalSection
	GlobalSection(ProjectConfigurationPlatforms) = postSolution
		{B8A31C25-3CB5-4E40-96B1-87A13456BE64}.Debug|Any CPU.ActiveCfg = Debug|Any CPU
		{B8A31C25-3CB5-4E40-96B1-87A13456BE64}.Debug|Any CPU.Build.0 = Debug|Any CPU
		{B8A31C25-3CB5-4E40-96B1-87A13456BE64}.Release|Any CPU.ActiveCfg = Release|Any CPU
		{B8A31C25-3CB5-4E40-96B1-87A13456BE64}.Release|Any CPU.Build.0 = Release|Any CPU
	EndGlobalSection
	GlobalSection(SolutionProperties) = preSolution
		HideSolutionNode = FALSE
	EndGlobalSection
	GlobalSection(ExtensibilityGlobals) = postSolution
		SolutionGuid = {B9610B75-1ACF-41F7-870F-DA6F337C8EDB}
	EndGlobalSection
EndGlobal
